{
  "version": 4,
  "terraform_version": "1.7.5",
  "serial": 4,
  "lineage": "61660878-d2e6-327a-4eec-8cf05758d4c0",
  "outputs": {},
  "resources": [
    {
      "mode": "managed",
      "type": "aws_iam_user",
      "name": "demo_user",
      "provider": "provider[\"registry.terraform.io/hashicorp/aws\"]",
      "instances": [
        {
          "schema_version": 0,
          "attributes": {
            "arn": "arn:aws:iam::908831348175:user/demo-user",
            "force_destroy": false,
            "id": "demo-user",
            "name": "demo-user",
            "path": "/",
            "permissions_boundary": "",
            "tags": {
              "Environment": "dev",
              "Name": "demo-user"
            },
            "tags_all": {
              "Environment": "dev",
              "Name": "demo-user"
            },
            "unique_id": "AIDA5HGUR2XH4FQ24AWWA"
          },
          "sensitive_attributes": [],
          "private": "bnVsbA=="
        }
      ]
    }
  ],
  "check_results": null
}
